
Microsoft Visual Studio Solution File, Format Version 12.00
# Visual Studio 15
VisualStudioVersion = 15.0.27130.2024
MinimumVisualStudioVersion = 10.0.40219.1
Project("{FAE04EC0-301F-11D3-BF4B-00C04F79EFBC}") = "AarhusWebDevCoop", "AarhusWebDevCoop\AarhusWebDevCoop.csproj", "{74248367-D5F6-4EEC-99AC-854F307BDFBA}"
EndProject
Global
	GlobalSection(SolutionConfigurationPlatforms) = preSolution
		Debug|Any CPU = Debug|Any CPU
		Release|Any CPU = Release|Any CPU
	EndGlobalSection
	GlobalSection(ProjectConfigurationPlatforms) = postSolution
		{74248367-D5F6-4EEC-99AC-854F307BDFBA}.Debug|Any CPU.ActiveCfg = Debug|Any CPU
		{74248367-D5F6-4EEC-99AC-854F307BDFBA}.Debug|Any CPU.Build.0 = Debug|Any CPU
		{74248367-D5F6-4EEC-99AC-854F307BDFBA}.Release|Any CPU.ActiveCfg = Release|Any CPU
		{74248367-D5F6-4EEC-99AC-854F307BDFBA}.Release|Any CPU.Build.0 = Release|Any CPU
	EndGlobalSection
	GlobalSection(SolutionProperties) = preSolution
		HideSolutionNode = FALSE
	EndGlobalSection
	GlobalSection(ExtensibilityGlobals) = postSolution
		SolutionGuid = {8C4727FF-E646-4815-AB42-0DC987A5DCF9}
	EndGlobalSection
EndGlobal
